// !$*UTF8*$!
{
	archiveVersion = 1;
	classes = {
	};
	objectVersion = 46;
	objects = {

/* Begin PBXBuildFile section */
		1E027FC11A9A8E220042E333 /* retweet_on.png in Resources */ = {isa = PBXBuildFile; fileRef = 1E027FBC1A9A8E220042E333 /* retweet_on.png */; };
		1E027FC21A9A8E220042E333 /* favorite_on.png in Resources */ = {isa = PBXBuildFile; fileRef = 1E027FBD1A9A8E220042E333 /* favorite_on.png */; };
		1E027FC31A9A8E220042E333 /* retweet.png in Resources */ = {isa = PBXBuildFile; fileRef = 1E027FBE1A9A8E220042E333 /* retweet.png */; };
		1E027FC41A9A8E220042E333 /* reply.png in Resources */ = {isa = PBXBuildFile; fileRef = 1E027FBF1A9A8E220042E333 /* reply.png */; };
		1E027FC51A9A8E220042E333 /* favorite.png in Resources */ = {isa = PBXBuildFile; fileRef = 1E027FC01A9A8E220042E333 /* favorite.png */; };
		1E414CA61A97B5B800164FA5 /* TweetsViewController.swift in Sources */ = {isa = PBXBuildFile; fileRef = 1E414CA41A97B5B800164FA5 /* TweetsViewController.swift */; };
		1E414CA71A97B5B800164FA5 /* TweetsViewController.xib in Resources */ = {isa = PBXBuildFile; fileRef = 1E414CA51A97B5B800164FA5 /* TweetsViewController.xib */; };
		1E414CAB1A97B8D500164FA5 /* TweetCell.swift in Sources */ = {isa = PBXBuildFile; fileRef = 1E414CA91A97B8D500164FA5 /* TweetCell.swift */; };
		1E414CAC1A97B8D500164FA5 /* TweetCell.xib in Resources */ = {isa = PBXBuildFile; fileRef = 1E414CAA1A97B8D500164FA5 /* TweetCell.xib */; };
		1E414CAF1A98208D00164FA5 /* TweetDetailViewController.swift in Sources */ = {isa = PBXBuildFile; fileRef = 1E414CAD1A98208D00164FA5 /* TweetDetailViewController.swift */; };
		1E414CB01A98208D00164FA5 /* TweetDetailViewController.xib in Resources */ = {isa = PBXBuildFile; fileRef = 1E414CAE1A98208D00164FA5 /* TweetDetailViewController.xib */; };
		1E414CB31A985D9D00164FA5 /* ComposeViewController.swift in Sources */ = {isa = PBXBuildFile; fileRef = 1E414CB11A985D9D00164FA5 /* ComposeViewController.swift */; };
		1E414CB41A985D9D00164FA5 /* ComposeViewController.xib in Resources */ = {isa = PBXBuildFile; fileRef = 1E414CB21A985D9D00164FA5 /* ComposeViewController.xib */; };
		1E4874C41A95261C004B4080 /* AppDelegate.swift in Sources */ = {isa = PBXBuildFile; fileRef = 1E4874C31A95261C004B4080 /* AppDelegate.swift */; };
		1E4874C61A95261C004B4080 /* ViewController.swift in Sources */ = {isa = PBXBuildFile; fileRef = 1E4874C51A95261C004B4080 /* ViewController.swift */; };
		1E4874C91A95261C004B4080 /* Main.storyboard in Resources */ = {isa = PBXBuildFile; fileRef = 1E4874C71A95261C004B4080 /* Main.storyboard */; };
		1E4874CB1A95261C004B4080 /* Images.xcassets in Resources */ = {isa = PBXBuildFile; fileRef = 1E4874CA1A95261C004B4080 /* Images.xcassets */; };
		1E4874CE1A95261C004B4080 /* LaunchScreen.xib in Resources */ = {isa = PBXBuildFile; fileRef = 1E4874CC1A95261C004B4080 /* LaunchScreen.xib */; };
		1E4874DA1A95261C004B4080 /* TwitterTests.swift in Sources */ = {isa = PBXBuildFile; fileRef = 1E4874D91A95261C004B4080 /* TwitterTests.swift */; };
		1E6191051A9F9D1300460CB7 /* ParentViewController.swift in Sources */ = {isa = PBXBuildFile; fileRef = 1E6191031A9F9D1300460CB7 /* ParentViewController.swift */; };
		1E6191061A9F9D1300460CB7 /* ParentViewController.xib in Resources */ = {isa = PBXBuildFile; fileRef = 1E6191041A9F9D1300460CB7 /* ParentViewController.xib */; };
		1E6191091A9FAB7E00460CB7 /* MenuViewController.swift in Sources */ = {isa = PBXBuildFile; fileRef = 1E6191071A9FAB7E00460CB7 /* MenuViewController.swift */; };
		1E61910A1A9FAB7E00460CB7 /* MenuViewController.xib in Resources */ = {isa = PBXBuildFile; fileRef = 1E6191081A9FAB7E00460CB7 /* MenuViewController.xib */; };
		1E71662A1A95356B00A6C48A /* TwitterClient.swift in Sources */ = {isa = PBXBuildFile; fileRef = 1E7166291A95356B00A6C48A /* TwitterClient.swift */; };
		1E71662D1A9569A900A6C48A /* User.swift in Sources */ = {isa = PBXBuildFile; fileRef = 1E71662C1A9569A900A6C48A /* User.swift */; };
		1E71662F1A9569B700A6C48A /* Tweet.swift in Sources */ = {isa = PBXBuildFile; fileRef = 1E71662E1A9569B700A6C48A /* Tweet.swift */; };
		1EEDBD491AA144A4004250A8 /* ProfileViewController.swift in Sources */ = {isa = PBXBuildFile; fileRef = 1EEDBD471AA144A4004250A8 /* ProfileViewController.swift */; };
		1EEDBD4A1AA144A4004250A8 /* ProfileViewController.xib in Resources */ = {isa = PBXBuildFile; fileRef = 1EEDBD481AA144A4004250A8 /* ProfileViewController.xib */; };
		1EEDBD4D1AA144ED004250A8 /* MentionsViewController.swift in Sources */ = {isa = PBXBuildFile; fileRef = 1EEDBD4B1AA144ED004250A8 /* MentionsViewController.swift */; };
		1EEDBD4E1AA144ED004250A8 /* MentionsViewController.xib in Resources */ = {isa = PBXBuildFile; fileRef = 1EEDBD4C1AA144ED004250A8 /* MentionsViewController.xib */; };
		D8BB2F13882795E44F920C30 /* libPods.a in Frameworks */ = {isa = PBXBuildFile; fileRef = 9DFD60DD1B00B024A25B3A07 /* libPods.a */; };
/* End PBXBuildFile section */

/* Begin PBXContainerItemProxy section */
		1E4874D41A95261C004B4080 /* PBXContainerItemProxy */ = {
			isa = PBXContainerItemProxy;
			containerPortal = 1E4874B61A95261C004B4080 /* Project object */;
			proxyType = 1;
			remoteGlobalIDString = 1E4874BD1A95261C004B4080;
			remoteInfo = Twitter;
		};
/* End PBXContainerItemProxy section */

/* Begin PBXFileReference section */
		1E027FBC1A9A8E220042E333 /* retweet_on.png */ = {isa = PBXFileReference; lastKnownFileType = image.png; path = retweet_on.png; sourceTree = "<group>"; };
		1E027FBD1A9A8E220042E333 /* favorite_on.png */ = {isa = PBXFileReference; lastKnownFileType = image.png; path = favorite_on.png; sourceTree = "<group>"; };
		1E027FBE1A9A8E220042E333 /* retweet.png */ = {isa = PBXFileReference; lastKnownFileType = image.png; path = retweet.png; sourceTree = "<group>"; };
		1E027FBF1A9A8E220042E333 /* reply.png */ = {isa = PBXFileReference; lastKnownFileType = image.png; path = reply.png; sourceTree = "<group>"; };
		1E027FC01A9A8E220042E333 /* favorite.png */ = {isa = PBXFileReference; lastKnownFileType = image.png; path = favorite.png; sourceTree = "<group>"; };
		1E414CA41A97B5B800164FA5 /* TweetsViewController.swift */ = {isa = PBXFileReference; fileEncoding = 4; lastKnownFileType = sourcecode.swift; path = TweetsViewController.swift; sourceTree = "<group>"; };
		1E414CA51A97B5B800164FA5 /* TweetsViewController.xib */ = {isa = PBXFileReference; fileEncoding = 4; lastKnownFileType = file.xib; path = TweetsViewController.xib; sourceTree = "<group>"; };
		1E414CA91A97B8D500164FA5 /* TweetCell.swift */ = {isa = PBXFileReference; fileEncoding = 4; lastKnownFileType = sourcecode.swift; path = TweetCell.swift; sourceTree = "<group>"; };
		1E414CAA1A97B8D500164FA5 /* TweetCell.xib */ = {isa = PBXFileReference; fileEncoding = 4; lastKnownFileType = file.xib; path = TweetCell.xib; sourceTree = "<group>"; };
		1E414CAD1A98208D00164FA5 /* TweetDetailViewController.swift */ = {isa = PBXFileReference; fileEncoding = 4; lastKnownFileType = sourcecode.swift; path = TweetDetailViewController.swift; sourceTree = "<group>"; };
		1E414CAE1A98208D00164FA5 /* TweetDetailViewController.xib */ = {isa = PBXFileReference; fileEncoding = 4; lastKnownFileType = file.xib; path = TweetDetailViewController.xib; sourceTree = "<group>"; };
		1E414CB11A985D9D00164FA5 /* ComposeViewController.swift */ = {isa = PBXFileReference; fileEncoding = 4; lastKnownFileType = sourcecode.swift; path = ComposeViewController.swift; sourceTree = "<group>"; };
		1E414CB21A985D9D00164FA5 /* ComposeViewController.xib */ = {isa = PBXFileReference; fileEncoding = 4; lastKnownFileType = file.xib; path = ComposeViewController.xib; sourceTree = "<group>"; };
		1E4874BE1A95261C004B4080 /* Twitter.app */ = {isa = PBXFileReference; explicitFileType = wrapper.application; includeInIndex = 0; path = Twitter.app; sourceTree = BUILT_PRODUCTS_DIR; };
		1E4874C21A95261C004B4080 /* Info.plist */ = {isa = PBXFileReference; lastKnownFileType = text.plist.xml; path = Info.plist; sourceTree = "<group>"; };
		1E4874C31A95261C004B4080 /* AppDelegate.swift */ = {isa = PBXFileReference; lastKnownFileType = sourcecode.swift; path = AppDelegate.swift; sourceTree = "<group>"; };
		1E4874C51A95261C004B4080 /* ViewController.swift */ = {isa = PBXFileReference; lastKnownFileType = sourcecode.swift; path = ViewController.swift; sourceTree = "<group>"; };
		1E4874C81A95261C004B4080 /* Base */ = {isa = PBXFileReference; lastKnownFileType = file.storyboard; name = Base; path = Base.lproj/Main.storyboard; sourceTree = "<group>"; };
		1E4874CA1A95261C004B4080 /* Images.xcassets */ = {isa = PBXFileReference; lastKnownFileType = folder.assetcatalog; path = Images.xcassets; sourceTree = "<group>"; };
		1E4874CD1A95261C004B4080 /* Base */ = {isa = PBXFileReference; lastKnownFileType = file.xib; name = Base; path = Base.lproj/LaunchScreen.xib; sourceTree = "<group>"; };
		1E4874D31A95261C004B4080 /* TwitterTests.xctest */ = {isa = PBXFileReference; explicitFileType = wrapper.cfbundle; includeInIndex = 0; path = TwitterTests.xctest; sourceTree = BUILT_PRODUCTS_DIR; };
		1E4874D81A95261C004B4080 /* Info.plist */ = {isa = PBXFileReference; lastKnownFileType = text.plist.xml; path = Info.plist; sourceTree = "<group>"; };
		1E4874D91A95261C004B4080 /* TwitterTests.swift */ = {isa = PBXFileReference; lastKnownFileType = sourcecode.swift; path = TwitterTests.swift; sourceTree = "<group>"; };
		1E6191031A9F9D1300460CB7 /* ParentViewController.swift */ = {isa = PBXFileReference; fileEncoding = 4; lastKnownFileType = sourcecode.swift; path = ParentViewController.swift; sourceTree = "<group>"; };
		1E6191041A9F9D1300460CB7 /* ParentViewController.xib */ = {isa = PBXFileReference; fileEncoding = 4; lastKnownFileType = file.xib; path = ParentViewController.xib; sourceTree = "<group>"; };
		1E6191071A9FAB7E00460CB7 /* MenuViewController.swift */ = {isa = PBXFileReference; fileEncoding = 4; lastKnownFileType = sourcecode.swift; path = MenuViewController.swift; sourceTree = "<group>"; };
		1E6191081A9FAB7E00460CB7 /* MenuViewController.xib */ = {isa = PBXFileReference; fileEncoding = 4; lastKnownFileType = file.xib; path = MenuViewController.xib; sourceTree = "<group>"; };
		1E7166251A95317000A6C48A /* Twitter-Bridging-Header.h */ = {isa = PBXFileReference; lastKnownFileType = sourcecode.c.h; path = "Twitter-Bridging-Header.h"; sourceTree = "<group>"; };
		1E7166291A95356B00A6C48A /* TwitterClient.swift */ = {isa = PBXFileReference; fileEncoding = 4; lastKnownFileType = sourcecode.swift; path = TwitterClient.swift; sourceTree = "<group>"; };
		1E71662C1A9569A900A6C48A /* User.swift */ = {isa = PBXFileReference; fileEncoding = 4; lastKnownFileType = sourcecode.swift; path = User.swift; sourceTree = "<group>"; };
		1E71662E1A9569B700A6C48A /* Tweet.swift */ = {isa = PBXFileReference; fileEncoding = 4; lastKnownFileType = sourcecode.swift; path = Tweet.swift; sourceTree = "<group>"; };
		1EEDBD471AA144A4004250A8 /* ProfileViewController.swift */ = {isa = PBXFileReference; fileEncoding = 4; lastKnownFileType = sourcecode.swift; path = ProfileViewController.swift; sourceTree = "<group>"; };
		1EEDBD481AA144A4004250A8 /* ProfileViewController.xib */ = {isa = PBXFileReference; fileEncoding = 4; lastKnownFileType = file.xib; path = ProfileViewController.xib; sourceTree = "<group>"; };
		1EEDBD4B1AA144ED004250A8 /* MentionsViewController.swift */ = {isa = PBXFileReference; fileEncoding = 4; lastKnownFileType = sourcecode.swift; path = MentionsViewController.swift; sourceTree = "<group>"; };
		1EEDBD4C1AA144ED004250A8 /* MentionsViewController.xib */ = {isa = PBXFileReference; fileEncoding = 4; lastKnownFileType = file.xib; path = MentionsViewController.xib; sourceTree = "<group>"; };
		65A228F9BF3CC495605C136A /* Pods.release.xcconfig */ = {isa = PBXFileReference; includeInIndex = 1; lastKnownFileType = text.xcconfig; name = Pods.release.xcconfig; path = "Pods/Target Support Files/Pods/Pods.release.xcconfig"; sourceTree = "<group>"; };
		9DFD60DD1B00B024A25B3A07 /* libPods.a */ = {isa = PBXFileReference; explicitFileType = archive.ar; includeInIndex = 0; path = libPods.a; sourceTree = BUILT_PRODUCTS_DIR; };
		E4635EE6A0DCBB47FE9EB8DF /* Pods.debug.xcconfig */ = {isa = PBXFileReference; includeInIndex = 1; lastKnownFileType = text.xcconfig; name = Pods.debug.xcconfig; path = "Pods/Target Support Files/Pods/Pods.debug.xcconfig"; sourceTree = "<group>"; };
/* End PBXFileReference section */

/* Begin PBXFrameworksBuildPhase section */
		1E4874BB1A95261C004B4080 /* Frameworks */ = {
			isa = PBXFrameworksBuildPhase;
			buildActionMask = 2147483647;
			files = (
				D8BB2F13882795E44F920C30 /* libPods.a in Frameworks */,
			);
			runOnlyForDeploymentPostprocessing = 0;
		};
		1E4874D01A95261C004B4080 /* Frameworks */ = {
			isa = PBXFrameworksBuildPhase;
			buildActionMask = 2147483647;
			files = (
			);
			runOnlyForDeploymentPostprocessing = 0;
		};
/* End PBXFrameworksBuildPhase section */

/* Begin PBXGroup section */
		1E027FBB1A9A8D780042E333 /* Images */ = {
			isa = PBXGroup;
			children = (
				1E027FBC1A9A8E220042E333 /* retweet_on.png */,
				1E027FBD1A9A8E220042E333 /* favorite_on.png */,
				1E027FBE1A9A8E220042E333 /* retweet.png */,
				1E027FBF1A9A8E220042E333 /* reply.png */,
				1E027FC01A9A8E220042E333 /* favorite.png */,
			);
			name = Images;
			sourceTree = "<group>";
		};
		1E414CA81A97B8B000164FA5 /* Views */ = {
			isa = PBXGroup;
			children = (
				1E414CA91A97B8D500164FA5 /* TweetCell.swift */,
				1E414CAA1A97B8D500164FA5 /* TweetCell.xib */,
			);
			name = Views;
			sourceTree = "<group>";
		};
		1E4874B51A95261C004B4080 = {
			isa = PBXGroup;
			children = (
				1E4874C01A95261C004B4080 /* Twitter */,
				1E4874D61A95261C004B4080 /* TwitterTests */,
				1E4874BF1A95261C004B4080 /* Products */,
				2F7EB6454254D441BFC18EA1 /* Pods */,
				7D2B00EE8DA257136528D308 /* Frameworks */,
			);
			sourceTree = "<group>";
		};
		1E4874BF1A95261C004B4080 /* Products */ = {
			isa = PBXGroup;
			children = (
				1E4874BE1A95261C004B4080 /* Twitter.app */,
				1E4874D31A95261C004B4080 /* TwitterTests.xctest */,
			);
			name = Products;
			sourceTree = "<group>";
		};
		1E4874C01A95261C004B4080 /* Twitter */ = {
			isa = PBXGroup;
			children = (
				1E7166281A95352B00A6C48A /* API */,
				1E71662B1A95698B00A6C48A /* Models */,
				1E414CA81A97B8B000164FA5 /* Views */,
				1E4874C31A95261C004B4080 /* AppDelegate.swift */,
				1E4874C51A95261C004B4080 /* ViewController.swift */,
				1E414CA41A97B5B800164FA5 /* TweetsViewController.swift */,
				1E414CA51A97B5B800164FA5 /* TweetsViewController.xib */,
				1E4874C71A95261C004B4080 /* Main.storyboard */,
				1E4874CA1A95261C004B4080 /* Images.xcassets */,
				1E4874CC1A95261C004B4080 /* LaunchScreen.xib */,
				1E027FBB1A9A8D780042E333 /* Images */,
				1E4874C11A95261C004B4080 /* Supporting Files */,
				1E7166251A95317000A6C48A /* Twitter-Bridging-Header.h */,
				1E414CAD1A98208D00164FA5 /* TweetDetailViewController.swift */,
				1E414CAE1A98208D00164FA5 /* TweetDetailViewController.xib */,
				1E414CB11A985D9D00164FA5 /* ComposeViewController.swift */,
				1E414CB21A985D9D00164FA5 /* ComposeViewController.xib */,
				1E6191031A9F9D1300460CB7 /* ParentViewController.swift */,
				1E6191041A9F9D1300460CB7 /* ParentViewController.xib */,
				1E6191071A9FAB7E00460CB7 /* MenuViewController.swift */,
				1E6191081A9FAB7E00460CB7 /* MenuViewController.xib */,
				1EEDBD471AA144A4004250A8 /* ProfileViewController.swift */,
				1EEDBD481AA144A4004250A8 /* ProfileViewController.xib */,
				1EEDBD4B1AA144ED004250A8 /* MentionsViewController.swift */,
				1EEDBD4C1AA144ED004250A8 /* MentionsViewController.xib */,
			);
			path = Twitter;
			sourceTree = "<group>";
		};
		1E4874C11A95261C004B4080 /* Supporting Files */ = {
			isa = PBXGroup;
			children = (
				1E4874C21A95261C004B4080 /* Info.plist */,
			);
			name = "Supporting Files";
			sourceTree = "<group>";
		};
		1E4874D61A95261C004B4080 /* TwitterTests */ = {
			isa = PBXGroup;
			children = (
				1E4874D91A95261C004B4080 /* TwitterTests.swift */,
				1E4874D71A95261C004B4080 /* Supporting Files */,
			);
			path = TwitterTests;
			sourceTree = "<group>";
		};
		1E4874D71A95261C004B4080 /* Supporting Files */ = {
			isa = PBXGroup;
			children = (
				1E4874D81A95261C004B4080 /* Info.plist */,
			);
			name = "Supporting Files";
			sourceTree = "<group>";
		};
		1E7166281A95352B00A6C48A /* API */ = {
			isa = PBXGroup;
			children = (
				1E7166291A95356B00A6C48A /* TwitterClient.swift */,
			);
			name = API;
			sourceTree = "<group>";
		};
		1E71662B1A95698B00A6C48A /* Models */ = {
			isa = PBXGroup;
			children = (
				1E71662C1A9569A900A6C48A /* User.swift */,
				1E71662E1A9569B700A6C48A /* Tweet.swift */,
			);
			name = Models;
			sourceTree = "<group>";
		};
		2F7EB6454254D441BFC18EA1 /* Pods */ = {
			isa = PBXGroup;
			children = (
				E4635EE6A0DCBB47FE9EB8DF /* Pods.debug.xcconfig */,
				65A228F9BF3CC495605C136A /* Pods.release.xcconfig */,
			);
			name = Pods;
			sourceTree = "<group>";
		};
		7D2B00EE8DA257136528D308 /* Frameworks */ = {
			isa = PBXGroup;
			children = (
				9DFD60DD1B00B024A25B3A07 /* libPods.a */,
			);
			name = Frameworks;
			sourceTree = "<group>";
		};
/* End PBXGroup section */

/* Begin PBXNativeTarget section */
		1E4874BD1A95261C004B4080 /* Twitter */ = {
			isa = PBXNativeTarget;
			buildConfigurationList = 1E4874DD1A95261C004B4080 /* Build configuration list for PBXNativeTarget "Twitter" */;
			buildPhases = (
				F977A4C70EF0ABB5A7DAAFAB /* Check Pods Manifest.lock */,
				1E4874BA1A95261C004B4080 /* Sources */,
				1E4874BB1A95261C004B4080 /* Frameworks */,
				1E4874BC1A95261C004B4080 /* Resources */,
				3EA58C13C23793AAF7444B78 /* Copy Pods Resources */,
			);
			buildRules = (
			);
			dependencies = (
			);
			name = Twitter;
			productName = Twitter;
			productReference = 1E4874BE1A95261C004B4080 /* Twitter.app */;
			productType = "com.apple.product-type.application";
		};
		1E4874D21A95261C004B4080 /* TwitterTests */ = {
			isa = PBXNativeTarget;
			buildConfigurationList = 1E4874E01A95261C004B4080 /* Build configuration list for PBXNativeTarget "TwitterTests" */;
			buildPhases = (
				1E4874CF1A95261C004B4080 /* Sources */,
				1E4874D01A95261C004B4080 /* Frameworks */,
				1E4874D11A95261C004B4080 /* Resources */,
			);
			buildRules = (
			);
			dependencies = (
				1E4874D51A95261C004B4080 /* PBXTargetDependency */,
			);
			name = TwitterTests;
			productName = TwitterTests;
			productReference = 1E4874D31A95261C004B4080 /* TwitterTests.xctest */;
			productType = "com.apple.product-type.bundle.unit-test";
		};
/* End PBXNativeTarget section */

/* Begin PBXProject section */
		1E4874B61A95261C004B4080 /* Project object */ = {
			isa = PBXProject;
			attributes = {
				LastUpgradeCheck = 0620;
				ORGANIZATIONNAME = "William Castellano";
				TargetAttributes = {
					1E4874BD1A95261C004B4080 = {
						CreatedOnToolsVersion = 6.2;
					};
					1E4874D21A95261C004B4080 = {
						CreatedOnToolsVersion = 6.2;
						TestTargetID = 1E4874BD1A95261C004B4080;
					};
				};
			};
			buildConfigurationList = 1E4874B91A95261C004B4080 /* Build configuration list for PBXProject "Twitter" */;
			compatibilityVersion = "Xcode 3.2";
			developmentRegion = English;
			hasScannedForEncodings = 0;
			knownRegions = (
				en,
				Base,
			);
			mainGroup = 1E4874B51A95261C004B4080;
			productRefGroup = 1E4874BF1A95261C004B4080 /* Products */;
			projectDirPath = "";
			projectRoot = "";
			targets = (
				1E4874BD1A95261C004B4080 /* Twitter */,
				1E4874D21A95261C004B4080 /* TwitterTests */,
			);
		};
/* End PBXProject section */

/* Begin PBXResourcesBuildPhase section */
		1E4874BC1A95261C004B4080 /* Resources */ = {
			isa = PBXResourcesBuildPhase;
			buildActionMask = 2147483647;
			files = (
				1E414CA71A97B5B800164FA5 /* TweetsViewController.xib in Resources */,
				1E027FC21A9A8E220042E333 /* favorite_on.png in Resources */,
				1E414CB01A98208D00164FA5 /* TweetDetailViewController.xib in Resources */,
				1EEDBD4A1AA144A4004250A8 /* ProfileViewController.xib in Resources */,
				1E027FC41A9A8E220042E333 /* reply.png in Resources */,
				1E414CAC1A97B8D500164FA5 /* TweetCell.xib in Resources */,
				1E61910A1A9FAB7E00460CB7 /* MenuViewController.xib in Resources */,
				1EEDBD4E1AA144ED004250A8 /* MentionsViewController.xib in Resources */,
				1E4874C91A95261C004B4080 /* Main.storyboard in Resources */,
				1E414CB41A985D9D00164FA5 /* ComposeViewController.xib in Resources */,
				1E027FC51A9A8E220042E333 /* favorite.png in Resources */,
				1E027FC31A9A8E220042E333 /* retweet.png in Resources */,
				1E6191061A9F9D1300460CB7 /* ParentViewController.xib in Resources */,
				1E027FC11A9A8E220042E333 /* retweet_on.png in Resources */,
				1E4874CE1A95261C004B4080 /* LaunchScreen.xib in Resources */,
				1E4874CB1A95261C004B4080 /* Images.xcassets in Resources */,
			);
			runOnlyForDeploymentPostprocessing = 0;
		};
		1E4874D11A95261C004B4080 /* Resources */ = {
			isa = PBXResourcesBuildPhase;
			buildActionMask = 2147483647;
			files = (
			);
			runOnlyForDeploymentPostprocessing = 0;
		};
/* End PBXResourcesBuildPhase section */

/* Begin PBXShellScriptBuildPhase section */
		3EA58C13C23793AAF7444B78 /* Copy Pods Resources */ = {
			isa = PBXShellScriptBuildPhase;
			buildActionMask = 2147483647;
			files = (
			);
			inputPaths = (
			);
			name = "Copy Pods Resources";
			outputPaths = (
			);
			runOnlyForDeploymentPostprocessing = 0;
			shellPath = /bin/sh;
			shellScript = "\"${SRCROOT}/Pods/Target Support Files/Pods/Pods-resources.sh\"\n";
			showEnvVarsInLog = 0;
		};
		F977A4C70EF0ABB5A7DAAFAB /* Check Pods Manifest.lock */ = {
			isa = PBXShellScriptBuildPhase;
			buildActionMask = 2147483647;
			files = (
			);
			inputPaths = (
			);
			name = "Check Pods Manifest.lock";
			outputPaths = (
			);
			runOnlyForDeploymentPostprocessing = 0;
			shellPath = /bin/sh;
			shellScript = "diff \"${PODS_ROOT}/../Podfile.lock\" \"${PODS_ROOT}/Manifest.lock\" > /dev/null\nif [[ $? != 0 ]] ; then\n    cat << EOM\nerror: The sandbox is not in sync with the Podfile.lock. Run 'pod install' or update your CocoaPods installation.\nEOM\n    exit 1\nfi\n";
			showEnvVarsInLog = 0;
		};
/* End PBXShellScriptBuildPhase section */

/* Begin PBXSourcesBuildPhase section */
		1E4874BA1A95261C004B4080 /* Sources */ = {
			isa = PBXSourcesBuildPhase;
			buildActionMask = 2147483647;
			files = (
				1E414CB31A985D9D00164FA5 /* ComposeViewController.swift in Sources */,
				1E71662D1A9569A900A6C48A /* User.swift in Sources */,
				1E414CAB1A97B8D500164FA5 /* TweetCell.swift in Sources */,
				1E71662F1A9569B700A6C48A /* Tweet.swift in Sources */,
				1E6191091A9FAB7E00460CB7 /* MenuViewController.swift in Sources */,
				1EEDBD4D1AA144ED004250A8 /* MentionsViewController.swift in Sources */,
				1E414CA61A97B5B800164FA5 /* TweetsViewController.swift in Sources */,
				1EEDBD491AA144A4004250A8 /* ProfileViewController.swift in Sources */,
				1E4874C61A95261C004B4080 /* ViewController.swift in Sources */,
				1E6191051A9F9D1300460CB7 /* ParentViewController.swift in Sources */,
				1E414CAF1A98208D00164FA5 /* TweetDetailViewController.swift in Sources */,
				1E71662A1A95356B00A6C48A /* TwitterClient.swift in Sources */,
				1E4874C41A95261C004B4080 /* AppDelegate.swift in Sources */,
			);
			runOnlyForDeploymentPostprocessing = 0;
		};
		1E4874CF1A95261C004B4080 /* Sources */ = {
			isa = PBXSourcesBuildPhase;
			buildActionMask = 2147483647;
			files = (
				1E4874DA1A95261C004B4080 /* TwitterTests.swift in Sources */,
			);
			runOnlyForDeploymentPostprocessing = 0;
		};
/* End PBXSourcesBuildPhase section */

/* Begin PBXTargetDependency section */
		1E4874D51A95261C004B4080 /* PBXTargetDependency */ = {
			isa = PBXTargetDependency;
			target = 1E4874BD1A95261C004B4080 /* Twitter */;
			targetProxy = 1E4874D41A95261C004B4080 /* PBXContainerItemProxy */;
		};
/* End PBXTargetDependency section */

/* Begin PBXVariantGroup section */
		1E4874C71A95261C004B4080 /* Main.storyboard */ = {
			isa = PBXVariantGroup;
			children = (
				1E4874C81A95261C004B4080 /* Base */,
			);
			name = Main.storyboard;
			sourceTree = "<group>";
		};
		1E4874CC1A95261C004B4080 /* LaunchScreen.xib */ = {
			isa = PBXVariantGroup;
			children = (
				1E4874CD1A95261C004B4080 /* Base */,
			);
			name = LaunchScreen.xib;
			sourceTree = "<group>";
		};
/* End PBXVariantGroup section */

/* Begin XCBuildConfiguration section */
		1E4874DB1A95261C004B4080 /* Debug */ = {
			isa = XCBuildConfiguration;
			buildSettings = {
				ALWAYS_SEARCH_USER_PATHS = NO;
				CLANG_CXX_LANGUAGE_STANDARD = "gnu++0x";
				CLANG_CXX_LIBRARY = "libc++";
				CLANG_ENABLE_MODULES = YES;
				CLANG_ENABLE_OBJC_ARC = YES;
				CLANG_WARN_BOOL_CONVERSION = YES;
				CLANG_WARN_CONSTANT_CONVERSION = YES;
				CLANG_WARN_DIRECT_OBJC_ISA_USAGE = YES_ERROR;
				CLANG_WARN_EMPTY_BODY = YES;
				CLANG_WARN_ENUM_CONVERSION = YES;
				CLANG_WARN_INT_CONVERSION = YES;
				CLANG_WARN_OBJC_ROOT_CLASS = YES_ERROR;
				CLANG_WARN_UNREACHABLE_CODE = YES;
				CLANG_WARN__DUPLICATE_METHOD_MATCH = YES;
				"CODE_SIGN_IDENTITY[sdk=iphoneos*]" = "iPhone Developer";
				COPY_PHASE_STRIP = NO;
				ENABLE_STRICT_OBJC_MSGSEND = YES;
				GCC_C_LANGUAGE_STANDARD = gnu99;
				GCC_DYNAMIC_NO_PIC = NO;
				GCC_OPTIMIZATION_LEVEL = 0;
				GCC_PREPROCESSOR_DEFINITIONS = (
					"DEBUG=1",
					"$(inherited)",
				);
				GCC_SYMBOLS_PRIVATE_EXTERN = NO;
				GCC_WARN_64_TO_32_BIT_CONVERSION = YES;
				GCC_WARN_ABOUT_RETURN_TYPE = YES_ERROR;
				GCC_WARN_UNDECLARED_SELECTOR = YES;
				GCC_WARN_UNINITIALIZED_AUTOS = YES_AGGRESSIVE;
				GCC_WARN_UNUSED_FUNCTION = YES;
				GCC_WARN_UNUSED_VARIABLE = YES;
				IPHONEOS_DEPLOYMENT_TARGET = 8.2;
				MTL_ENABLE_DEBUG_INFO = YES;
				ONLY_ACTIVE_ARCH = YES;
				SDKROOT = iphoneos;
				SWIFT_OPTIMIZATION_LEVEL = "-Onone";
			};
			name = Debug;
		};
		1E4874DC1A95261C004B4080 /* Release */ = {
			isa = XCBuildConfiguration;
			buildSettings = {
				ALWAYS_SEARCH_USER_PATHS = NO;
				CLANG_CXX_LANGUAGE_STANDARD = "gnu++0x";
				CLANG_CXX_LIBRARY = "libc++";
				CLANG_ENABLE_MODULES = YES;
				CLANG_ENABLE_OBJC_ARC = YES;
				CLANG_WARN_BOOL_CONVERSION = YES;
				CLANG_WARN_CONSTANT_CONVERSION = YES;
				CLANG_WARN_DIRECT_OBJC_ISA_USAGE = YES_ERROR;
				CLANG_WARN_EMPTY_BODY = YES;
				CLANG_WARN_ENUM_CONVERSION = YES;
				CLANG_WARN_INT_CONVERSION = YES;
				CLANG_WARN_OBJC_ROOT_CLASS = YES_ERROR;
				CLANG_WARN_UNREACHABLE_CODE = YES;
				CLANG_WARN__DUPLICATE_METHOD_MATCH = YES;
				"CODE_SIGN_IDENTITY[sdk=iphoneos*]" = "iPhone Developer";
				COPY_PHASE_STRIP = NO;
				ENABLE_NS_ASSERTIONS = NO;
				ENABLE_STRICT_OBJC_MSGSEND = YES;
				GCC_C_LANGUAGE_STANDARD = gnu99;
				GCC_WARN_64_TO_32_BIT_CONVERSION = YES;
				GCC_WARN_ABOUT_RETURN_TYPE = YES_ERROR;
				GCC_WARN_UNDECLARED_SELECTOR = YES;
				GCC_WARN_UNINITIALIZED_AUTOS = YES_AGGRESSIVE;
				GCC_WARN_UNUSED_FUNCTION = YES;
				GCC_WARN_UNUSED_VARIABLE = YES;
				IPHONEOS_DEPLOYMENT_TARGET = 8.2;
				MTL_ENABLE_DEBUG_INFO = NO;
				SDKROOT = iphoneos;
				VALIDATE_PRODUCT = YES;
			};
			name = Release;
		};
		1E4874DE1A95261C004B4080 /* Debug */ = {
			isa = XCBuildConfiguration;
			baseConfigurationReference = E4635EE6A0DCBB47FE9EB8DF /* Pods.debug.xcconfig */;
			buildSettings = {
				ASSETCATALOG_COMPILER_APPICON_NAME = AppIcon;
				CLANG_ENABLE_MODULES = YES;
				INFOPLIST_FILE = Twitter/Info.plist;
				IPHONEOS_DEPLOYMENT_TARGET = 8.1;
				LD_RUNPATH_SEARCH_PATHS = "$(inherited) @executable_path/Frameworks";
				PRODUCT_NAME = "$(TARGET_NAME)";
				SWIFT_OBJC_BRIDGING_HEADER = "Twitter/Twitter-Bridging-Header.h";
				SWIFT_OPTIMIZATION_LEVEL = "-Onone";
			};
			name = Debug;
		};
		1E4874DF1A95261C004B4080 /* Release */ = {
			isa = XCBuildConfiguration;
			baseConfigurationReference = 65A228F9BF3CC495605C136A /* Pods.release.xcconfig */;
			buildSettings = {
				ASSETCATALOG_COMPILER_APPICON_NAME = AppIcon;
				CLANG_ENABLE_MODULES = YES;
				INFOPLIST_FILE = Twitter/Info.plist;
				IPHONEOS_DEPLOYMENT_TARGET = 8.1;
				LD_RUNPATH_SEARCH_PATHS = "$(inherited) @executable_path/Frameworks";
				PRODUCT_NAME = "$(TARGET_NAME)";
				SWIFT_OBJC_BRIDGING_HEADER = "Twitter/Twitter-Bridging-Header.h";
			};
			name = Release;
		};
		1E4874E11A95261C004B4080 /* Debug */ = {
			isa = XCBuildConfiguration;
			buildSettings = {
				BUNDLE_LOADER = "$(TEST_HOST)";
				FRAMEWORK_SEARCH_PATHS = (
					"$(SDKROOT)/Developer/Library/Frameworks",
					"$(inherited)",
				);
				GCC_PREPROCESSOR_DEFINITIONS = (
					"DEBUG=1",
					"$(inherited)",
				);
				INFOPLIST_FILE = TwitterTests/Info.plist;
				LD_RUNPATH_SEARCH_PATHS = "$(inherited) @executable_path/Frameworks @loader_path/Frameworks";
				PRODUCT_NAME = "$(TARGET_NAME)";
				TEST_HOST = "$(BUILT_PRODUCTS_DIR)/Twitter.app/Twitter";
			};
			name = Debug;
		};
		1E4874E21A95261C004B4080 /* Release */ = {
			isa = XCBuildConfiguration;
			buildSettings = {
				BUNDLE_LOADER = "$(TEST_HOST)";
				FRAMEWORK_SEARCH_PATHS = (
					"$(SDKROOT)/Developer/Library/Frameworks",
					"$(inherited)",
				);
				INFOPLIST_FILE = TwitterTests/Info.plist;
				LD_RUNPATH_SEARCH_PATHS = "$(inherited) @executable_path/Frameworks @loader_path/Frameworks";
				PRODUCT_NAME = "$(TARGET_NAME)";
				TEST_HOST = "$(BUILT_PRODUCTS_DIR)/Twitter.app/Twitter";
			};
			name = Release;
		};
/* End XCBuildConfiguration section */

/* Begin XCConfigurationList section */
		1E4874B91A95261C004B4080 /* Build configuration list for PBXProject "Twitter" */ = {
			isa = XCConfigurationList;
			buildConfigurations = (
				1E4874DB1A95261C004B4080 /* Debug */,
				1E4874DC1A95261C004B4080 /* Release */,
			);
			defaultConfigurationIsVisible = 0;
			defaultConfigurationName = Release;
		};
		1E4874DD1A95261C004B4080 /* Build configuration list for PBXNativeTarget "Twitter" */ = {
			isa = XCConfigurationList;
			buildConfigurations = (
				1E4874DE1A95261C004B4080 /* Debug */,
				1E4874DF1A95261C004B4080 /* Release */,
			);
			defaultConfigurationIsVisible = 0;
			defaultConfigurationName = Release;
		};
		1E4874E01A95261C004B4080 /* Build configuration list for PBXNativeTarget "TwitterTests" */ = {
			isa = XCConfigurationList;
			buildConfigurations = (
				1E4874E11A95261C004B4080 /* Debug */,
				1E4874E21A95261C004B4080 /* Release */,
			);
			defaultConfigurationIsVisible = 0;
			defaultConfigurationName = Release;
		};
/* End XCConfigurationList section */
	};
	rootObject = 1E4874B61A95261C004B4080 /* Project object */;
}
